// !$*UTF8*$!
{
	archiveVersion = 1;
	classes = {
	};
	objectVersion = 50;
	objects = {

/* Begin PBXBuildFile section */
		5DB335292A4CCD3300BDD5A4 /* HealthierApp.swift in Sources */ = {isa = PBXBuildFile; fileRef = 5DB335282A4CCD3300BDD5A4 /* HealthierApp.swift */; };
		5DB3352B2A4CCD3400BDD5A4 /* ContentView.swift in Sources */ = {isa = PBXBuildFile; fileRef = 5DB3352A2A4CCD3400BDD5A4 /* ContentView.swift */; };
		5DB3352D2A4CCD3E00BDD5A4 /* Assets.xcassets in Resources */ = {isa = PBXBuildFile; fileRef = 5DB3352C2A4CCD3E00BDD5A4 /* Assets.xcassets */; };
		5DB335302A4CCD3E00BDD5A4 /* Preview Assets.xcassets in Resources */ = {isa = PBXBuildFile; fileRef = 5DB3352F2A4CCD3E00BDD5A4 /* Preview Assets.xcassets */; };
		5DB3353B2A4CCD3F00BDD5A4 /* HealthierTests.swift in Sources */ = {isa = PBXBuildFile; fileRef = 5DB3353A2A4CCD3F00BDD5A4 /* HealthierTests.swift */; };
		5DB335462A4CCD3F00BDD5A4 /* HealthierUITests.swift in Sources */ = {isa = PBXBuildFile; fileRef = 5DB335452A4CCD3F00BDD5A4 /* HealthierUITests.swift */; };
/* End PBXBuildFile section */

/* Begin PBXContainerItemProxy section */
		5DB335372A4CCD3F00BDD5A4 /* PBXContainerItemProxy */ = {
			isa = PBXContainerItemProxy;
			containerPortal = 5DB3351D2A4CCD3300BDD5A4 /* Project object */;
			proxyType = 1;
			remoteGlobalIDString = 5DB335242A4CCD3300BDD5A4;
			remoteInfo = Healthier;
		};
		5DB335422A4CCD3F00BDD5A4 /* PBXContainerItemProxy */ = {
			isa = PBXContainerItemProxy;
			containerPortal = 5DB3351D2A4CCD3300BDD5A4 /* Project object */;
			proxyType = 1;
			remoteGlobalIDString = 5DB335242A4CCD3300BDD5A4;
			remoteInfo = Healthier;
		};
/* End PBXContainerItemProxy section */

/* Begin PBXFileReference section */
		5DB335252A4CCD3300BDD5A4 /* Healthier.app */ = {isa = PBXFileReference; explicitFileType = wrapper.application; includeInIndex = 0; path = Healthier.app; sourceTree = BUILT_PRODUCTS_DIR; };
		5DB335282A4CCD3300BDD5A4 /* HealthierApp.swift */ = {isa = PBXFileReference; lastKnownFileType = sourcecode.swift; path = HealthierApp.swift; sourceTree = "<group>"; };
		5DB3352A2A4CCD3400BDD5A4 /* ContentView.swift */ = {isa = PBXFileReference; lastKnownFileType = sourcecode.swift; path = ContentView.swift; sourceTree = "<group>"; };
		5DB3352C2A4CCD3E00BDD5A4 /* Assets.xcassets */ = {isa = PBXFileReference; lastKnownFileType = folder.assetcatalog; path = Assets.xcassets; sourceTree = "<group>"; };
		5DB3352F2A4CCD3E00BDD5A4 /* Preview Assets.xcassets */ = {isa = PBXFileReference; lastKnownFileType = folder.assetcatalog; path = "Preview Assets.xcassets"; sourceTree = "<group>"; };
		5DB335312A4CCD3E00BDD5A4 /* Info.plist */ = {isa = PBXFileReference; lastKnownFileType = text.plist.xml; path = Info.plist; sourceTree = "<group>"; };
		5DB335362A4CCD3F00BDD5A4 /* HealthierTests.xctest */ = {isa = PBXFileReference; explicitFileType = wrapper.cfbundle; includeInIndex = 0; path = HealthierTests.xctest; sourceTree = BUILT_PRODUCTS_DIR; };
		5DB3353A2A4CCD3F00BDD5A4 /* HealthierTests.swift */ = {isa = PBXFileReference; lastKnownFileType = sourcecode.swift; path = HealthierTests.swift; sourceTree = "<group>"; };
		5DB3353C2A4CCD3F00BDD5A4 /* Info.plist */ = {isa = PBXFileReference; lastKnownFileType = text.plist.xml; path = Info.plist; sourceTree = "<group>"; };
		5DB335412A4CCD3F00BDD5A4 /* HealthierUITests.xctest */ = {isa = PBXFileReference; explicitFileType = wrapper.cfbundle; includeInIndex = 0; path = HealthierUITests.xctest; sourceTree = BUILT_PRODUCTS_DIR; };
		5DB335452A4CCD3F00BDD5A4 /* HealthierUITests.swift */ = {isa = PBXFileReference; lastKnownFileType = sourcecode.swift; path = HealthierUITests.swift; sourceTree = "<group>"; };
		5DB335472A4CCD3F00BDD5A4 /* Info.plist */ = {isa = PBXFileReference; lastKnownFileType = text.plist.xml; path = Info.plist; sourceTree = "<group>"; };
/* End PBXFileReference section */

/* Begin PBXFrameworksBuildPhase section */
		5DB335222A4CCD3300BDD5A4 /* Frameworks */ = {
			isa = PBXFrameworksBuildPhase;
			buildActionMask = 2147483647;
			files = (
			);
			runOnlyForDeploymentPostprocessing = 0;
		};
		5DB335332A4CCD3F00BDD5A4 /* Frameworks */ = {
			isa = PBXFrameworksBuildPhase;
			buildActionMask = 2147483647;
			files = (
			);
			runOnlyForDeploymentPostprocessing = 0;
		};
		5DB3353E2A4CCD3F00BDD5A4 /* Frameworks */ = {
			isa = PBXFrameworksBuildPhase;
			buildActionMask = 2147483647;
			files = (
			);
			runOnlyForDeploymentPostprocessing = 0;
		};
/* End PBXFrameworksBuildPhase section */

/* Begin PBXGroup section */
		5DB3351C2A4CCD3300BDD5A4 = {
			isa = PBXGroup;
			children = (
				5DB335272A4CCD3300BDD5A4 /* Healthier */,
				5DB335392A4CCD3F00BDD5A4 /* HealthierTests */,
				5DB335442A4CCD3F00BDD5A4 /* HealthierUITests */,
				5DB335262A4CCD3300BDD5A4 /* Products */,
			);
			sourceTree = "<group>";
		};
		5DB335262A4CCD3300BDD5A4 /* Products */ = {
			isa = PBXGroup;
			children = (
				5DB335252A4CCD3300BDD5A4 /* Healthier.app */,
				5DB335362A4CCD3F00BDD5A4 /* HealthierTests.xctest */,
				5DB335412A4CCD3F00BDD5A4 /* HealthierUITests.xctest */,
			);
			name = Products;
			sourceTree = "<group>";
		};
		5DB335272A4CCD3300BDD5A4 /* Healthier */ = {
			isa = PBXGroup;
			children = (
				5DB335282A4CCD3300BDD5A4 /* HealthierApp.swift */,
				5DB3352A2A4CCD3400BDD5A4 /* ContentView.swift */,
				5DB3352C2A4CCD3E00BDD5A4 /* Assets.xcassets */,
				5DB335312A4CCD3E00BDD5A4 /* Info.plist */,
				5DB3352E2A4CCD3E00BDD5A4 /* Preview Content */,
			);
			path = Healthier;
			sourceTree = "<group>";
		};
		5DB3352E2A4CCD3E00BDD5A4 /* Preview Content */ = {
			isa = PBXGroup;
			children = (
				5DB3352F2A4CCD3E00BDD5A4 /* Preview Assets.xcassets */,
			);
			path = "Preview Content";
			sourceTree = "<group>";
		};
		5DB335392A4CCD3F00BDD5A4 /* HealthierTests */ = {
			isa = PBXGroup;
			children = (
				5DB3353A2A4CCD3F00BDD5A4 /* HealthierTests.swift */,
				5DB3353C2A4CCD3F00BDD5A4 /* Info.plist */,
			);
			path = HealthierTests;
			sourceTree = "<group>";
		};
		5DB335442A4CCD3F00BDD5A4 /* HealthierUITests */ = {
			isa = PBXGroup;
			children = (
				5DB335452A4CCD3F00BDD5A4 /* HealthierUITests.swift */,
				5DB335472A4CCD3F00BDD5A4 /* Info.plist */,
			);
			path = HealthierUITests;
			sourceTree = "<group>";
		};
/* End PBXGroup section */

/* Begin PBXNativeTarget section */
		5DB335242A4CCD3300BDD5A4 /* Healthier */ = {
			isa = PBXNativeTarget;
			buildConfigurationList = 5DB3354A2A4CCD3F00BDD5A4 /* Build configuration list for PBXNativeTarget "Healthier" */;
			buildPhases = (
				5DB335212A4CCD3300BDD5A4 /* Sources */,
				5DB335222A4CCD3300BDD5A4 /* Frameworks */,
				5DB335232A4CCD3300BDD5A4 /* Resources */,
			);
			buildRules = (
			);
			dependencies = (
			);
			name = Healthier;
			productName = Healthier;
			productReference = 5DB335252A4CCD3300BDD5A4 /* Healthier.app */;
			productType = "com.apple.product-type.application";
		};
		5DB335352A4CCD3F00BDD5A4 /* HealthierTests */ = {
			isa = PBXNativeTarget;
			buildConfigurationList = 5DB3354D2A4CCD4000BDD5A4 /* Build configuration list for PBXNativeTarget "HealthierTests" */;
			buildPhases = (
				5DB335322A4CCD3F00BDD5A4 /* Sources */,
				5DB335332A4CCD3F00BDD5A4 /* Frameworks */,
				5DB335342A4CCD3F00BDD5A4 /* Resources */,
			);
			buildRules = (
			);
			dependencies = (
				5DB335382A4CCD3F00BDD5A4 /* PBXTargetDependency */,
			);
			name = HealthierTests;
			productName = HealthierTests;
			productReference = 5DB335362A4CCD3F00BDD5A4 /* HealthierTests.xctest */;
			productType = "com.apple.product-type.bundle.unit-test";
		};
		5DB335402A4CCD3F00BDD5A4 /* HealthierUITests */ = {
			isa = PBXNativeTarget;
			buildConfigurationList = 5DB335502A4CCD4000BDD5A4 /* Build configuration list for PBXNativeTarget "HealthierUITests" */;
			buildPhases = (
				5DB3353D2A4CCD3F00BDD5A4 /* Sources */,
				5DB3353E2A4CCD3F00BDD5A4 /* Frameworks */,
				5DB3353F2A4CCD3F00BDD5A4 /* Resources */,
			);
			buildRules = (
			);
			dependencies = (
				5DB335432A4CCD3F00BDD5A4 /* PBXTargetDependency */,
			);
			name = HealthierUITests;
			productName = HealthierUITests;
			productReference = 5DB335412A4CCD3F00BDD5A4 /* HealthierUITests.xctest */;
			productType = "com.apple.product-type.bundle.ui-testing";
		};
/* End PBXNativeTarget section */

/* Begin PBXProject section */
		5DB3351D2A4CCD3300BDD5A4 /* Project object */ = {
			isa = PBXProject;
			attributes = {
				LastSwiftUpdateCheck = 1220;
				LastUpgradeCheck = 1220;
				TargetAttributes = {
					5DB335242A4CCD3300BDD5A4 = {
						CreatedOnToolsVersion = 12.2;
					};
					5DB335352A4CCD3F00BDD5A4 = {
						CreatedOnToolsVersion = 12.2;
						TestTargetID = 5DB335242A4CCD3300BDD5A4;
					};
					5DB335402A4CCD3F00BDD5A4 = {
						CreatedOnToolsVersion = 12.2;
						TestTargetID = 5DB335242A4CCD3300BDD5A4;
					};
				};
			};
			buildConfigurationList = 5DB335202A4CCD3300BDD5A4 /* Build configuration list for PBXProject "Healthier" */;
			compatibilityVersion = "Xcode 9.3";
			developmentRegion = en;
			hasScannedForEncodings = 0;
			knownRegions = (
				en,
				Base,
			);
			mainGroup = 5DB3351C2A4CCD3300BDD5A4;
			productRefGroup = 5DB335262A4CCD3300BDD5A4 /* Products */;
			projectDirPath = "";
			projectRoot = "";
			targets = (
				5DB335242A4CCD3300BDD5A4 /* Healthier */,
				5DB335352A4CCD3F00BDD5A4 /* HealthierTests */,
				5DB335402A4CCD3F00BDD5A4 /* HealthierUITests */,
			);
		};
/* End PBXProject section */

/* Begin PBXResourcesBuildPhase section */
		5DB335232A4CCD3300BDD5A4 /* Resources */ = {
			isa = PBXResourcesBuildPhase;
			buildActionMask = 2147483647;
			files = (
				5DB335302A4CCD3E00BDD5A4 /* Preview Assets.xcassets in Resources */,
				5DB3352D2A4CCD3E00BDD5A4 /* Assets.xcassets in Resources */,
			);
			runOnlyForDeploymentPostprocessing = 0;
		};
		5DB335342A4CCD3F00BDD5A4 /* Resources */ = {
			isa = PBXResourcesBuildPhase;
			buildActionMask = 2147483647;
			files = (
			);
			runOnlyForDeploymentPostprocessing = 0;
		};
		5DB3353F2A4CCD3F00BDD5A4 /* Resources */ = {
			isa = PBXResourcesBuildPhase;
			buildActionMask = 2147483647;
			files = (
			);
			runOnlyForDeploymentPostprocessing = 0;
		};
/* End PBXResourcesBuildPhase section */

/* Begin PBXSourcesBuildPhase section */
		5DB335212A4CCD3300BDD5A4 /* Sources */ = {
			isa = PBXSourcesBuildPhase;
			buildActionMask = 2147483647;
			files = (
				5DB3352B2A4CCD3400BDD5A4 /* ContentView.swift in Sources */,
				5DB335292A4CCD3300BDD5A4 /* HealthierApp.swift in Sources */,
			);
			runOnlyForDeploymentPostprocessing = 0;
		};
		5DB335322A4CCD3F00BDD5A4 /* Sources */ = {
			isa = PBXSourcesBuildPhase;
			buildActionMask = 2147483647;
			files = (
				5DB3353B2A4CCD3F00BDD5A4 /* HealthierTests.swift in Sources */,
			);
			runOnlyForDeploymentPostprocessing = 0;
		};
		5DB3353D2A4CCD3F00BDD5A4 /* Sources */ = {
			isa = PBXSourcesBuildPhase;
			buildActionMask = 2147483647;
			files = (
				5DB335462A4CCD3F00BDD5A4 /* HealthierUITests.swift in Sources */,
			);
			runOnlyForDeploymentPostprocessing = 0;
		};
/* End PBXSourcesBuildPhase section */

/* Begin PBXTargetDependency section */
		5DB335382A4CCD3F00BDD5A4 /* PBXTargetDependency */ = {
			isa = PBXTargetDependency;
			target = 5DB335242A4CCD3300BDD5A4 /* Healthier */;
			targetProxy = 5DB335372A4CCD3F00BDD5A4 /* PBXContainerItemProxy */;
		};
		5DB335432A4CCD3F00BDD5A4 /* PBXTargetDependency */ = {
			isa = PBXTargetDependency;
			target = 5DB335242A4CCD3300BDD5A4 /* Healthier */;
			targetProxy = 5DB335422A4CCD3F00BDD5A4 /* PBXContainerItemProxy */;
		};
/* End PBXTargetDependency section */

/* Begin XCBuildConfiguration section */
		5DB335482A4CCD3F00BDD5A4 /* Debug */ = {
			isa = XCBuildConfiguration;
			buildSettings = {
				ALWAYS_SEARCH_USER_PATHS = NO;
				CLANG_ANALYZER_NONNULL = YES;
				CLANG_ANALYZER_NUMBER_OBJECT_CONVERSION = YES_AGGRESSIVE;
				CLANG_CXX_LANGUAGE_STANDARD = "gnu++14";
				CLANG_CXX_LIBRARY = "libc++";
				CLANG_ENABLE_MODULES = YES;
				CLANG_ENABLE_OBJC_ARC = YES;
				CLANG_ENABLE_OBJC_WEAK = YES;
				CLANG_WARN_BLOCK_CAPTURE_AUTORELEASING = YES;
				CLANG_WARN_BOOL_CONVERSION = YES;
				CLANG_WARN_COMMA = YES;
				CLANG_WARN_CONSTANT_CONVERSION = YES;
				CLANG_WARN_DEPRECATED_OBJC_IMPLEMENTATIONS = YES;
				CLANG_WARN_DIRECT_OBJC_ISA_USAGE = YES_ERROR;
				CLANG_WARN_DOCUMENTATION_COMMENTS = YES;
				CLANG_WARN_EMPTY_BODY = YES;
				CLANG_WARN_ENUM_CONVERSION = YES;
				CLANG_WARN_INFINITE_RECURSION = YES;
				CLANG_WARN_INT_CONVERSION = YES;
				CLANG_WARN_NON_LITERAL_NULL_CONVERSION = YES;
				CLANG_WARN_OBJC_IMPLICIT_RETAIN_SELF = YES;
				CLANG_WARN_OBJC_LITERAL_CONVERSION = YES;
				CLANG_WARN_OBJC_ROOT_CLASS = YES_ERROR;
				CLANG_WARN_QUOTED_INCLUDE_IN_FRAMEWORK_HEADER = YES;
				CLANG_WARN_RANGE_LOOP_ANALYSIS = YES;
				CLANG_WARN_STRICT_PROTOTYPES = YES;
				CLANG_WARN_SUSPICIOUS_MOVE = YES;
				CLANG_WARN_UNGUARDED_AVAILABILITY = YES_AGGRESSIVE;
				CLANG_WARN_UNREACHABLE_CODE = YES;
				CLANG_WARN__DUPLICATE_METHOD_MATCH = YES;
				COPY_PHASE_STRIP = NO;
				DEBUG_INFORMATION_FORMAT = dwarf;
				ENABLE_STRICT_OBJC_MSGSEND = YES;
				ENABLE_TESTABILITY = YES;
				GCC_C_LANGUAGE_STANDARD = gnu11;
				GCC_DYNAMIC_NO_PIC = NO;
				GCC_NO_COMMON_BLOCKS = YES;
				GCC_OPTIMIZATION_LEVEL = 0;
				GCC_PREPROCESSOR_DEFINITIONS = (
					"DEBUG=1",
					"$(inherited)",
				);
				GCC_WARN_64_TO_32_BIT_CONVERSION = YES;
				GCC_WARN_ABOUT_RETURN_TYPE = YES_ERROR;
				GCC_WARN_UNDECLARED_SELECTOR = YES;
				GCC_WARN_UNINITIALIZED_AUTOS = YES_AGGRESSIVE;
				GCC_WARN_UNUSED_FUNCTION = YES;
				GCC_WARN_UNUSED_VARIABLE = YES;
				IPHONEOS_DEPLOYMENT_TARGET = 14.2;
				MTL_ENABLE_DEBUG_INFO = INCLUDE_SOURCE;
				MTL_FAST_MATH = YES;
				ONLY_ACTIVE_ARCH = YES;
				SDKROOT = iphoneos;
				SWIFT_ACTIVE_COMPILATION_CONDITIONS = DEBUG;
				SWIFT_OPTIMIZATION_LEVEL = "-Onone";
			};
			name = Debug;
		};
		5DB335492A4CCD3F00BDD5A4 /* Release */ = {
			isa = XCBuildConfiguration;
			buildSettings = {
				ALWAYS_SEARCH_USER_PATHS = NO;
				CLANG_ANALYZER_NONNULL = YES;
				CLANG_ANALYZER_NUMBER_OBJECT_CONVERSION = YES_AGGRESSIVE;
				CLANG_CXX_LANGUAGE_STANDARD = "gnu++14";
				CLANG_CXX_LIBRARY = "libc++";
				CLANG_ENABLE_MODULES = YES;
				CLANG_ENABLE_OBJC_ARC = YES;
				CLANG_ENABLE_OBJC_WEAK = YES;
				CLANG_WARN_BLOCK_CAPTURE_AUTORELEASING = YES;
				CLANG_WARN_BOOL_CONVERSION = YES;
				CLANG_WARN_COMMA = YES;
				CLANG_WARN_CONSTANT_CONVERSION = YES;
				CLANG_WARN_DEPRECATED_OBJC_IMPLEMENTATIONS = YES;
				CLANG_WARN_DIRECT_OBJC_ISA_USAGE = YES_ERROR;
				CLANG_WARN_DOCUMENTATION_COMMENTS = YES;
				CLANG_WARN_EMPTY_BODY = YES;
				CLANG_WARN_ENUM_CONVERSION = YES;
				CLANG_WARN_INFINITE_RECURSION = YES;
				CLANG_WARN_INT_CONVERSION = YES;
				CLANG_WARN_NON_LITERAL_NULL_CONVERSION = YES;
				CLANG_WARN_OBJC_IMPLICIT_RETAIN_SELF = YES;
				CLANG_WARN_OBJC_LITERAL_CONVERSION = YES;
				CLANG_WARN_OBJC_ROOT_CLASS = YES_ERROR;
				CLANG_WARN_QUOTED_INCLUDE_IN_FRAMEWORK_HEADER = YES;
				CLANG_WARN_RANGE_LOOP_ANALYSIS = YES;
				CLANG_WARN_STRICT_PROTOTYPES = YES;
				CLANG_WARN_SUSPICIOUS_MOVE = YES;
				CLANG_WARN_UNGUARDED_AVAILABILITY = YES_AGGRESSIVE;
				CLANG_WARN_UNREACHABLE_CODE = YES;
				CLANG_WARN__DUPLICATE_METHOD_MATCH = YES;
				COPY_PHASE_STRIP = NO;
				DEBUG_INFORMATION_FORMAT = "dwarf-with-dsym";
				ENABLE_NS_ASSERTIONS = NO;
				ENABLE_STRICT_OBJC_MSGSEND = YES;
				GCC_C_LANGUAGE_STANDARD = gnu11;
				GCC_NO_COMMON_BLOCKS = YES;
				GCC_WARN_64_TO_32_BIT_CONVERSION = YES;
				GCC_WARN_ABOUT_RETURN_TYPE = YES_ERROR;
				GCC_WARN_UNDECLARED_SELECTOR = YES;
				GCC_WARN_UNINITIALIZED_AUTOS = YES_AGGRESSIVE;
				GCC_WARN_UNUSED_FUNCTION = YES;
				GCC_WARN_UNUSED_VARIABLE = YES;
				IPHONEOS_DEPLOYMENT_TARGET = 14.2;
				MTL_ENABLE_DEBUG_INFO = NO;
				MTL_FAST_MATH = YES;
				SDKROOT = iphoneos;
				SWIFT_COMPILATION_MODE = wholemodule;
				SWIFT_OPTIMIZATION_LEVEL = "-O";
				VALIDATE_PRODUCT = YES;
			};
			name = Release;
		};
		5DB3354B2A4CCD3F00BDD5A4 /* Debug */ = {
			isa = XCBuildConfiguration;
			buildSettings = {
				ASSETCATALOG_COMPILER_APPICON_NAME = AppIcon;
				ASSETCATALOG_COMPILER_GLOBAL_ACCENT_COLOR_NAME = AccentColor;
				CODE_SIGN_STYLE = Automatic;
				DEVELOPMENT_ASSET_PATHS = "\"Healthier/Preview Content\"";
				ENABLE_PREVIEWS = YES;
				INFOPLIST_FILE = Healthier/Info.plist;
				IPHONEOS_DEPLOYMENT_TARGET = 14.0;
				LD_RUNPATH_SEARCH_PATHS = (
					"$(inherited)",
					"@executable_path/Frameworks",
				);
				PRODUCT_BUNDLE_IDENTIFIER = haben.Healthier;
				PRODUCT_NAME = "$(TARGET_NAME)";
				SWIFT_VERSION = 5.0;
				TARGETED_DEVICE_FAMILY = "1,2";
			};
			name = Debug;
		};
		5DB3354C2A4CCD3F00BDD5A4 /* Release */ = {
			isa = XCBuildConfiguration;
			buildSettings = {
				ASSETCATALOG_COMPILER_APPICON_NAME = AppIcon;
				ASSETCATALOG_COMPILER_GLOBAL_ACCENT_COLOR_NAME = AccentColor;
				CODE_SIGN_STYLE = Automatic;
				DEVELOPMENT_ASSET_PATHS = "\"Healthier/Preview Content\"";
				ENABLE_PREVIEWS = YES;
				INFOPLIST_FILE = Healthier/Info.plist;
				IPHONEOS_DEPLOYMENT_TARGET = 14.0;
				LD_RUNPATH_SEARCH_PATHS = (
					"$(inherited)",
					"@executable_path/Frameworks",
				);
				PRODUCT_BUNDLE_IDENTIFIER = haben.Healthier;
				PRODUCT_NAME = "$(TARGET_NAME)";
				SWIFT_VERSION = 5.0;
				TARGETED_DEVICE_FAMILY = "1,2";
			};
			name = Release;
		};
		5DB3354E2A4CCD4000BDD5A4 /* Debug */ = {
			isa = XCBuildConfiguration;
			buildSettings = {
				ALWAYS_EMBED_SWIFT_STANDARD_LIBRARIES = YES;
				BUNDLE_LOADER = "$(TEST_HOST)";
				CODE_SIGN_STYLE = Automatic;
				INFOPLIST_FILE = HealthierTests/Info.plist;
				IPHONEOS_DEPLOYMENT_TARGET = 14.0;
				LD_RUNPATH_SEARCH_PATHS = (
					"$(inherited)",
					"@executable_path/Frameworks",
					"@loader_path/Frameworks",
				);
				PRODUCT_BUNDLE_IDENTIFIER = haben.HealthierTests;
				PRODUCT_NAME = "$(TARGET_NAME)";
				SWIFT_VERSION = 5.0;
				TARGETED_DEVICE_FAMILY = "1,2";
				TEST_HOST = "$(BUILT_PRODUCTS_DIR)/Healthier.app/Healthier";
			};
			name = Debug;
		};
		5DB3354F2A4CCD4000BDD5A4 /* Release */ = {
			isa = XCBuildConfiguration;
			buildSettings = {
				ALWAYS_EMBED_SWIFT_STANDARD_LIBRARIES = YES;
				BUNDLE_LOADER = "$(TEST_HOST)";
				CODE_SIGN_STYLE = Automatic;
				INFOPLIST_FILE = HealthierTests/Info.plist;
				IPHONEOS_DEPLOYMENT_TARGET = 14.0;
				LD_RUNPATH_SEARCH_PATHS = (
					"$(inherited)",
					"@executable_path/Frameworks",
					"@loader_path/Frameworks",
				);
				PRODUCT_BUNDLE_IDENTIFIER = haben.HealthierTests;
				PRODUCT_NAME = "$(TARGET_NAME)";
				SWIFT_VERSION = 5.0;
				TARGETED_DEVICE_FAMILY = "1,2";
				TEST_HOST = "$(BUILT_PRODUCTS_DIR)/Healthier.app/Healthier";
			};
			name = Release;
		};
		5DB335512A4CCD4000BDD5A4 /* Debug */ = {
			isa = XCBuildConfiguration;
			buildSettings = {
				ALWAYS_EMBED_SWIFT_STANDARD_LIBRARIES = YES;
				CODE_SIGN_STYLE = Automatic;
				INFOPLIST_FILE = HealthierUITests/Info.plist;
				LD_RUNPATH_SEARCH_PATHS = (
					"$(inherited)",
					"@executable_path/Frameworks",
					"@loader_path/Frameworks",
				);
				PRODUCT_BUNDLE_IDENTIFIER = haben.HealthierUITests;
				PRODUCT_NAME = "$(TARGET_NAME)";
				SWIFT_VERSION = 5.0;
				TARGETED_DEVICE_FAMILY = "1,2";
				TEST_TARGET_NAME = Healthier;
			};
			name = Debug;
		};
		5DB335522A4CCD4000BDD5A4 /* Release */ = {
			isa = XCBuildConfiguration;
			buildSettings = {
				ALWAYS_EMBED_SWIFT_STANDARD_LIBRARIES = YES;
				CODE_SIGN_STYLE = Automatic;
				INFOPLIST_FILE = HealthierUITests/Info.plist;
				LD_RUNPATH_SEARCH_PATHS = (
					"$(inherited)",
					"@executable_path/Frameworks",
					"@loader_path/Frameworks",
				);
				PRODUCT_BUNDLE_IDENTIFIER = haben.HealthierUITests;
				PRODUCT_NAME = "$(TARGET_NAME)";
				SWIFT_VERSION = 5.0;
				TARGETED_DEVICE_FAMILY = "1,2";
				TEST_TARGET_NAME = Healthier;
			};
			name = Release;
		};
/* End XCBuildConfiguration section */

/* Begin XCConfigurationList section */
		5DB335202A4CCD3300BDD5A4 /* Build configuration list for PBXProject "Healthier" */ = {
			isa = XCConfigurationList;
			buildConfigurations = (
				5DB335482A4CCD3F00BDD5A4 /* Debug */,
				5DB335492A4CCD3F00BDD5A4 /* Release */,
			);
			defaultConfigurationIsVisible = 0;
			defaultConfigurationName = Release;
		};
		5DB3354A2A4CCD3F00BDD5A4 /* Build configuration list for PBXNativeTarget "Healthier" */ = {
			isa = XCConfigurationList;
			buildConfigurations = (
				5DB3354B2A4CCD3F00BDD5A4 /* Debug */,
				5DB3354C2A4CCD3F00BDD5A4 /* Release */,
			);
			defaultConfigurationIsVisible = 0;
			defaultConfigurationName = Release;
		};
		5DB3354D2A4CCD4000BDD5A4 /* Build configuration list for PBXNativeTarget "HealthierTests" */ = {
			isa = XCConfigurationList;
			buildConfigurations = (
				5DB3354E2A4CCD4000BDD5A4 /* Debug */,
				5DB3354F2A4CCD4000BDD5A4 /* Release */,
			);
			defaultConfigurationIsVisible = 0;
			defaultConfigurationName = Release;
		};
		5DB335502A4CCD4000BDD5A4 /* Build configuration list for PBXNativeTarget "HealthierUITests" */ = {
			isa = XCConfigurationList;
			buildConfigurations = (
				5DB335512A4CCD4000BDD5A4 /* Debug */,
				5DB335522A4CCD4000BDD5A4 /* Release */,
			);
			defaultConfigurationIsVisible = 0;
			defaultConfigurationName = Release;
		};
/* End XCConfigurationList section */
	};
	rootObject = 5DB3351D2A4CCD3300BDD5A4 /* Project object */;
}
